
Microsoft Visual Studio Solution File, Format Version 12.00
# Visual Studio Version 17
VisualStudioVersion = 17.1.32319.34
MinimumVisualStudioVersion = 10.0.40219.1
Project("{FAE04EC0-301F-11D3-BF4B-00C04F79EFBC}") = "Open5e-Data", "Open5e-Data\Open5e-Data.csproj", "{D396DF89-F59F-4261-9039-EF7471544F99}"
EndProject
Project("{FAE04EC0-301F-11D3-BF4B-00C04F79EFBC}") = "Playground", "Playground\Playground.csproj", "{269026CC-6677-4254-B475-BC21D34904FC}"
EndProject
Project("{FAE04EC0-301F-11D3-BF4B-00C04F79EFBC}") = "Tests", "Tests\Tests.csproj", "{A07F69D4-C363-488F-837A-13CEEFE5CF62}"
EndProject
Global
	GlobalSection(SolutionConfigurationPlatforms) = preSolution
		Debug|Any CPU = Debug|Any CPU
		Release|Any CPU = Release|Any CPU
	EndGlobalSection
	GlobalSection(ProjectConfigurationPlatforms) = postSolution
		{D396DF89-F59F-4261-9039-EF7471544F99}.Debug|Any CPU.ActiveCfg = Debug|Any CPU
		{D396DF89-F59F-4261-9039-EF7471544F99}.Debug|Any CPU.Build.0 = Debug|Any CPU
		{D396DF89-F59F-4261-9039-EF7471544F99}.Release|Any CPU.ActiveCfg = Release|Any CPU
		{D396DF89-F59F-4261-9039-EF7471544F99}.Release|Any CPU.Build.0 = Release|Any CPU
		{269026CC-6677-4254-B475-BC21D34904FC}.Debug|Any CPU.ActiveCfg = Debug|Any CPU
		{269026CC-6677-4254-B475-BC21D34904FC}.Debug|Any CPU.Build.0 = Debug|Any CPU
		{269026CC-6677-4254-B475-BC21D34904FC}.Release|Any CPU.ActiveCfg = Release|Any CPU
		{269026CC-6677-4254-B475-BC21D34904FC}.Release|Any CPU.Build.0 = Release|Any CPU
		{A07F69D4-C363-488F-837A-13CEEFE5CF62}.Debug|Any CPU.ActiveCfg = Debug|Any CPU
		{A07F69D4-C363-488F-837A-13CEEFE5CF62}.Debug|Any CPU.Build.0 = Debug|Any CPU
		{A07F69D4-C363-488F-837A-13CEEFE5CF62}.Release|Any CPU.ActiveCfg = Release|Any CPU
		{A07F69D4-C363-488F-837A-13CEEFE5CF62}.Release|Any CPU.Build.0 = Release|Any CPU
	EndGlobalSection
	GlobalSection(SolutionProperties) = preSolution
		HideSolutionNode = FALSE
	EndGlobalSection
	GlobalSection(ExtensibilityGlobals) = postSolution
		SolutionGuid = {FADBB500-6369-4E00-9EB5-D555A2E3F158}
	EndGlobalSection
EndGlobal
